
Microsoft Visual Studio Solution File, Format Version 12.00
# Visual Studio 15
VisualStudioVersion = 15.0.27004.2002
MinimumVisualStudioVersion = 10.0.40219.1
Project("{FAE04EC0-301F-11D3-BF4B-00C04F79EFBC}") = "ProjektAsBankkonto", "ProjektAsBankkonto\ProjektAsBankkonto.csproj", "{C1AEB706-F016-4D2B-A79F-BD3D855E0B43}"
EndProject
Global
	GlobalSection(SolutionConfigurationPlatforms) = preSolution
		Debug|Any CPU = Debug|Any CPU
		Release|Any CPU = Release|Any CPU
	EndGlobalSection
	GlobalSection(ProjectConfigurationPlatforms) = postSolution
		{C1AEB706-F016-4D2B-A79F-BD3D855E0B43}.Debug|Any CPU.ActiveCfg = Debug|Any CPU
		{C1AEB706-F016-4D2B-A79F-BD3D855E0B43}.Debug|Any CPU.Build.0 = Debug|Any CPU
		{C1AEB706-F016-4D2B-A79F-BD3D855E0B43}.Release|Any CPU.ActiveCfg = Release|Any CPU
		{C1AEB706-F016-4D2B-A79F-BD3D855E0B43}.Release|Any CPU.Build.0 = Release|Any CPU
	EndGlobalSection
	GlobalSection(SolutionProperties) = preSolution
		HideSolutionNode = FALSE
	EndGlobalSection
	GlobalSection(ExtensibilityGlobals) = postSolution
		SolutionGuid = {23A316EB-EDA8-4C1C-899D-03530ECCCE8C}
	EndGlobalSection
EndGlobal
